
Microsoft Visual Studio Solution File, Format Version 12.00
# Visual Studio 15
VisualStudioVersion = 15.0.27130.2020
MinimumVisualStudioVersion = 10.0.40219.1
Project("{9A19103F-16F7-4668-BE54-9A1E7A4F7556}") = "GeekBurger.Users", "GeekBurger.Users\GeekBurger.Users.csproj", "{6EC584FC-0A77-42EC-B808-E46B77CF33AA}"
EndProject
Project("{9A19103F-16F7-4668-BE54-9A1E7A4F7556}") = "GeekBurger.Users.Contract", "GeekBurger.Users.Contract\GeekBurger.Users.Contract.csproj", "{8139D61F-4E18-44E8-996B-F85F0CB986EC}"
EndProject
Project("{9A19103F-16F7-4668-BE54-9A1E7A4F7556}") = "GeekBurger.Users.Core", "GeekBurger.Users.Core\GeekBurger.Users.Core.csproj", "{AE31FAEA-9FE9-486D-BD59-0F1A006CEA09}"
EndProject
Project("{9A19103F-16F7-4668-BE54-9A1E7A4F7556}") = "GeekBurger.Users.Application", "GeekBurger.Users.Application\GeekBurger.Users.Application.csproj", "{51908326-E87E-4330-87E2-1876140AA43D}"
EndProject
Project("{FAE04EC0-301F-11D3-BF4B-00C04F79EFBC}") = "GeekBurger.Users.Data", "GeekBurger.Data\GeekBurger.Users.Data.csproj", "{48661F8F-BA40-4738-9CF1-A95295261308}"
EndProject
Project("{FAE04EC0-301F-11D3-BF4B-00C04F79EFBC}") = "GeekBurger.Data.Tests", "GeekBurger.Data.Tests\GeekBurger.Data.Tests.csproj", "{419F6D0D-1432-4AA7-A022-99444D20A27E}"
EndProject
Global
	GlobalSection(SolutionConfigurationPlatforms) = preSolution
		Debug|Any CPU = Debug|Any CPU
		Release|Any CPU = Release|Any CPU
	EndGlobalSection
	GlobalSection(ProjectConfigurationPlatforms) = postSolution
		{6EC584FC-0A77-42EC-B808-E46B77CF33AA}.Debug|Any CPU.ActiveCfg = Debug|Any CPU
		{6EC584FC-0A77-42EC-B808-E46B77CF33AA}.Debug|Any CPU.Build.0 = Debug|Any CPU
		{6EC584FC-0A77-42EC-B808-E46B77CF33AA}.Release|Any CPU.ActiveCfg = Release|Any CPU
		{6EC584FC-0A77-42EC-B808-E46B77CF33AA}.Release|Any CPU.Build.0 = Release|Any CPU
		{8139D61F-4E18-44E8-996B-F85F0CB986EC}.Debug|Any CPU.ActiveCfg = Debug|Any CPU
		{8139D61F-4E18-44E8-996B-F85F0CB986EC}.Debug|Any CPU.Build.0 = Debug|Any CPU
		{8139D61F-4E18-44E8-996B-F85F0CB986EC}.Release|Any CPU.ActiveCfg = Release|Any CPU
		{8139D61F-4E18-44E8-996B-F85F0CB986EC}.Release|Any CPU.Build.0 = Release|Any CPU
		{AE31FAEA-9FE9-486D-BD59-0F1A006CEA09}.Debug|Any CPU.ActiveCfg = Debug|Any CPU
		{AE31FAEA-9FE9-486D-BD59-0F1A006CEA09}.Debug|Any CPU.Build.0 = Debug|Any CPU
		{AE31FAEA-9FE9-486D-BD59-0F1A006CEA09}.Release|Any CPU.ActiveCfg = Release|Any CPU
		{AE31FAEA-9FE9-486D-BD59-0F1A006CEA09}.Release|Any CPU.Build.0 = Release|Any CPU
		{51908326-E87E-4330-87E2-1876140AA43D}.Debug|Any CPU.ActiveCfg = Debug|Any CPU
		{51908326-E87E-4330-87E2-1876140AA43D}.Debug|Any CPU.Build.0 = Debug|Any CPU
		{51908326-E87E-4330-87E2-1876140AA43D}.Release|Any CPU.ActiveCfg = Release|Any CPU
		{51908326-E87E-4330-87E2-1876140AA43D}.Release|Any CPU.Build.0 = Release|Any CPU
		{48661F8F-BA40-4738-9CF1-A95295261308}.Debug|Any CPU.ActiveCfg = Debug|Any CPU
		{48661F8F-BA40-4738-9CF1-A95295261308}.Debug|Any CPU.Build.0 = Debug|Any CPU
		{48661F8F-BA40-4738-9CF1-A95295261308}.Release|Any CPU.ActiveCfg = Release|Any CPU
		{48661F8F-BA40-4738-9CF1-A95295261308}.Release|Any CPU.Build.0 = Release|Any CPU
		{419F6D0D-1432-4AA7-A022-99444D20A27E}.Debug|Any CPU.ActiveCfg = Debug|Any CPU
		{419F6D0D-1432-4AA7-A022-99444D20A27E}.Debug|Any CPU.Build.0 = Debug|Any CPU
		{419F6D0D-1432-4AA7-A022-99444D20A27E}.Release|Any CPU.ActiveCfg = Release|Any CPU
		{419F6D0D-1432-4AA7-A022-99444D20A27E}.Release|Any CPU.Build.0 = Release|Any CPU
	EndGlobalSection
	GlobalSection(SolutionProperties) = preSolution
		HideSolutionNode = FALSE
	EndGlobalSection
	GlobalSection(ExtensibilityGlobals) = postSolution
		SolutionGuid = {7B22807A-6081-4C6C-A412-230F7A2C8773}
	EndGlobalSection
EndGlobal
